
Microsoft Visual Studio Solution File, Format Version 12.00
# Visual Studio Version 17
VisualStudioVersion = 17.10.34916.146
MinimumVisualStudioVersion = 10.0.40219.1
Project("{FAE04EC0-301F-11D3-BF4B-00C04F79EFBC}") = "Cms.Web", "Cms.Web\Cms.Web.csproj", "{768187BC-FD6E-4CD9-89A1-EB2D6E9FD86E}"
EndProject
Global
	GlobalSection(SolutionConfigurationPlatforms) = preSolution
		Debug|Any CPU = Debug|Any CPU
		Release|Any CPU = Release|Any CPU
	EndGlobalSection
	GlobalSection(ProjectConfigurationPlatforms) = postSolution
		{768187BC-FD6E-4CD9-89A1-EB2D6E9FD86E}.Debug|Any CPU.ActiveCfg = Debug|Any CPU
		{768187BC-FD6E-4CD9-89A1-EB2D6E9FD86E}.Debug|Any CPU.Build.0 = Debug|Any CPU
		{768187BC-FD6E-4CD9-89A1-EB2D6E9FD86E}.Release|Any CPU.ActiveCfg = Release|Any CPU
		{768187BC-FD6E-4CD9-89A1-EB2D6E9FD86E}.Release|Any CPU.Build.0 = Release|Any CPU
	EndGlobalSection
	GlobalSection(SolutionProperties) = preSolution
		HideSolutionNode = FALSE
	EndGlobalSection
	GlobalSection(ExtensibilityGlobals) = postSolution
		SolutionGuid = {A46E3B3D-EA8C-46A7-AA10-887E1D3DC21B}
	EndGlobalSection
EndGlobal
